{
  "pins" : [
    {
      "identity" : "chronometer",
      "kind" : "remoteSourceControl",
      "location" : "https://github.com/KittyMac/Chronometer.git",
      "state" : {
        "revision" : "d21b89e5cb5929b5175bdb3ad710a52cbf497eaa",
        "version" : "0.1.12"
      }
    },
    {
      "identity" : "flynn",
      "kind" : "remoteSourceControl",
      "location" : "https://github.com/KittyMac/Flynn.git",
      "state" : {
        "revision" : "23cf24e2eb338cd3241834919951e620209f07db",
        "version" : "0.4.115"
      }
    },
    {
      "identity" : "hitch",
      "kind" : "remoteSourceControl",
      "location" : "https://github.com/KittyMac/Hitch.git",
      "state" : {
        "revision" : "d6c147a1d70992db39a141cb5bf9cf8fbb776250",
        "version" : "0.4.148"
      }
    },
    {
      "identity" : "sextant",
      "kind" : "remoteSourceControl",
      "location" : "https://github.com/KittyMac/Sextant.git",
      "state" : {
        "revision" : "52a77d0bce0210cf9557faef7fd0adb9a6da02fb",
        "version" : "0.4.31"
      }
    },
    {
      "identity" : "sourcekitten",
      "kind" : "remoteSourceControl",
      "location" : "https://github.com/jpsim/SourceKitten",
      "state" : {
        "revision" : "817dfa6f2e09b0476f3a6c9dbc035991f02f0241",
        "version" : "0.32.0"
      }
    },
    {
      "identity" : "spanker",
      "kind" : "remoteSourceControl",
      "location" : "https://github.com/KittyMac/Spanker.git",
      "state" : {
        "revision" : "d4b439bf76a40fb45d86a24d13b9c26e7d630eee",
        "version" : "0.2.49"
      }
    },
    {
      "identity" : "studding",
      "kind" : "remoteSourceControl",
      "location" : "https://github.com/KittyMac/Studding.git",
      "state" : {
        "revision" : "f56ddf21dd83cbbbb4a839e678384ed74a8cc0fc",
        "version" : "0.0.11"
      }
    },
    {
      "identity" : "swift-argument-parser",
      "kind" : "remoteSourceControl",
      "location" : "https://github.com/apple/swift-argument-parser.git",
      "state" : {
        "revision" : "41982a3656a71c768319979febd796c6fd111d5c",
        "version" : "1.5.0"
      }
    },
    {
      "identity" : "swxmlhash",
      "kind" : "remoteSourceControl",
      "location" : "https://github.com/drmohundro/SWXMLHash.git",
      "state" : {
        "revision" : "6469881a3f30417c5bb02404ea4b69207f297592",
        "version" : "6.0.0"
      }
    },
    {
      "identity" : "yams",
      "kind" : "remoteSourceControl",
      "location" : "https://github.com/jpsim/Yams.git",
      "state" : {
        "revision" : "9ff1cc9327586db4e0c8f46f064b6a82ec1566fa",
        "version" : "4.0.6"
      }
    }
  ],
  "version" : 2
}
